
Microsoft Visual Studio Solution File, Format Version 12.00
# Visual Studio Version 16
VisualStudioVersion = 16.0.31205.134
MinimumVisualStudioVersion = 10.0.40219.1
Project("{FAE04EC0-301F-11D3-BF4B-00C04F79EFBC}") = "HelloService", "HelloService.csproj", "{71F00D06-972A-4EC2-84BB-4601B3B42C74}"
EndProject
Global
	GlobalSection(SolutionConfigurationPlatforms) = preSolution
		Debug|Any CPU = Debug|Any CPU
		Release|Any CPU = Release|Any CPU
	EndGlobalSection
	GlobalSection(ProjectConfigurationPlatforms) = postSolution
		{71F00D06-972A-4EC2-84BB-4601B3B42C74}.Debug|Any CPU.ActiveCfg = Debug|Any CPU
		{71F00D06-972A-4EC2-84BB-4601B3B42C74}.Debug|Any CPU.Build.0 = Debug|Any CPU
		{71F00D06-972A-4EC2-84BB-4601B3B42C74}.Release|Any CPU.ActiveCfg = Release|Any CPU
		{71F00D06-972A-4EC2-84BB-4601B3B42C74}.Release|Any CPU.Build.0 = Release|Any CPU
	EndGlobalSection
	GlobalSection(SolutionProperties) = preSolution
		HideSolutionNode = FALSE
	EndGlobalSection
	GlobalSection(ExtensibilityGlobals) = postSolution
		SolutionGuid = {BCD9A5D2-5A3F-4B2B-9633-630F0B868E08}
	EndGlobalSection
EndGlobal
